
Microsoft Visual Studio Solution File, Format Version 12.00
# Visual Studio 15
VisualStudioVersion = 15.0.28307.168
MinimumVisualStudioVersion = 10.0.40219.1
Project("{FAE04EC0-301F-11D3-BF4B-00C04F79EFBC}") = "OptimusTraderBot", "OptimusTraderBot\OptimusTraderBot.csproj", "{B46E8BBD-DCED-42AA-B6E5-8FDB53B8633F}"
EndProject
Global
	GlobalSection(SolutionConfigurationPlatforms) = preSolution
		Debug|Any CPU = Debug|Any CPU
		Release|Any CPU = Release|Any CPU
	EndGlobalSection
	GlobalSection(ProjectConfigurationPlatforms) = postSolution
		{B46E8BBD-DCED-42AA-B6E5-8FDB53B8633F}.Debug|Any CPU.ActiveCfg = Debug|Any CPU
		{B46E8BBD-DCED-42AA-B6E5-8FDB53B8633F}.Debug|Any CPU.Build.0 = Debug|Any CPU
		{B46E8BBD-DCED-42AA-B6E5-8FDB53B8633F}.Release|Any CPU.ActiveCfg = Release|Any CPU
		{B46E8BBD-DCED-42AA-B6E5-8FDB53B8633F}.Release|Any CPU.Build.0 = Release|Any CPU
	EndGlobalSection
	GlobalSection(SolutionProperties) = preSolution
		HideSolutionNode = FALSE
	EndGlobalSection
	GlobalSection(ExtensibilityGlobals) = postSolution
		SolutionGuid = {63AADB0A-0A75-4A52-A3BB-6791DBC3A2A3}
	EndGlobalSection
EndGlobal
